
Microsoft Visual Studio Solution File, Format Version 12.00
# Visual Studio 15
VisualStudioVersion = 15.0.26430.6
MinimumVisualStudioVersion = 10.0.40219.1
Project("{FAE04EC0-301F-11D3-BF4B-00C04F79EFBC}") = "CalculoIntegral", "CalculoIntegral\CalculoIntegral.csproj", "{06095E68-A67E-4C01-B028-E8701A68E83F}"
EndProject
Global
	GlobalSection(SolutionConfigurationPlatforms) = preSolution
		Debug|Any CPU = Debug|Any CPU
		Release|Any CPU = Release|Any CPU
	EndGlobalSection
	GlobalSection(ProjectConfigurationPlatforms) = postSolution
		{06095E68-A67E-4C01-B028-E8701A68E83F}.Debug|Any CPU.ActiveCfg = Debug|Any CPU
		{06095E68-A67E-4C01-B028-E8701A68E83F}.Debug|Any CPU.Build.0 = Debug|Any CPU
		{06095E68-A67E-4C01-B028-E8701A68E83F}.Release|Any CPU.ActiveCfg = Release|Any CPU
		{06095E68-A67E-4C01-B028-E8701A68E83F}.Release|Any CPU.Build.0 = Release|Any CPU
	EndGlobalSection
	GlobalSection(SolutionProperties) = preSolution
		HideSolutionNode = FALSE
	EndGlobalSection
EndGlobal
